// !$*UTF8*$!
{
	archiveVersion = 1;
	classes = {
	};
	objectVersion = 56;
	objects = {

/* Begin PBXBuildFile section */
		AA64D4D72C59363000CC9FE1 /* AppDelegate.swift in Sources */ = {isa = PBXBuildFile; fileRef = AA64D4D62C59363000CC9FE1 /* AppDelegate.swift */; };
		AA64D4D92C59363000CC9FE1 /* SceneDelegate.swift in Sources */ = {isa = PBXBuildFile; fileRef = AA64D4D82C59363000CC9FE1 /* SceneDelegate.swift */; };
		AA64D4DB2C59363000CC9FE1 /* ViewController.swift in Sources */ = {isa = PBXBuildFile; fileRef = AA64D4DA2C59363000CC9FE1 /* ViewController.swift */; };
		AA64D4DE2C59363000CC9FE1 /* Base in Resources */ = {isa = PBXBuildFile; fileRef = AA64D4DD2C59363000CC9FE1 /* Base */; };
		AA64D4E02C59363200CC9FE1 /* Assets.xcassets in Resources */ = {isa = PBXBuildFile; fileRef = AA64D4DF2C59363200CC9FE1 /* Assets.xcassets */; };
		AA64D4E32C59363200CC9FE1 /* Base in Resources */ = {isa = PBXBuildFile; fileRef = AA64D4E22C59363200CC9FE1 /* Base */; };
		AA64D4EC2C5938CC00CC9FE1 /* BasicPracticeVC.swift in Sources */ = {isa = PBXBuildFile; fileRef = AA64D4EB2C5938CC00CC9FE1 /* BasicPracticeVC.swift */; };
		AA64D4EF2C5938DE00CC9FE1 /* SnapKit in Frameworks */ = {isa = PBXBuildFile; productRef = AA64D4EE2C5938DE00CC9FE1 /* SnapKit */; };
		AA64D4F22C59390500CC9FE1 /* RxCocoa in Frameworks */ = {isa = PBXBuildFile; productRef = AA64D4F12C59390500CC9FE1 /* RxCocoa */; };
		AA64D4F42C59390500CC9FE1 /* RxSwift in Frameworks */ = {isa = PBXBuildFile; productRef = AA64D4F32C59390500CC9FE1 /* RxSwift */; };
		AA64D4F72C593E1400CC9FE1 /* BasicButtonViewController.swift in Sources */ = {isa = PBXBuildFile; fileRef = AA64D4F62C593E1400CC9FE1 /* BasicButtonViewController.swift */; };
		AA64D4F92C593EFD00CC9FE1 /* ButtonRxTapVsLabelRxTex.swift in Sources */ = {isa = PBXBuildFile; fileRef = AA64D4F82C593EFD00CC9FE1 /* ButtonRxTapVsLabelRxTex.swift */; };
		AA64D5012C5A5FE000CC9FE1 /* CustomSimpleValidationVC.swift in Sources */ = {isa = PBXBuildFile; fileRef = AA64D5002C5A5FE000CC9FE1 /* CustomSimpleValidationVC.swift */; };
		AA64D50A2C5A635000CC9FE1 /* CustomNumbersVC.swift in Sources */ = {isa = PBXBuildFile; fileRef = AA64D5092C5A635000CC9FE1 /* CustomNumbersVC.swift */; };
/* End PBXBuildFile section */

/* Begin PBXFileReference section */
		AA64D4D32C59363000CC9FE1 /* RXswiftBasic0730.app */ = {isa = PBXFileReference; explicitFileType = wrapper.application; includeInIndex = 0; path = RXswiftBasic0730.app; sourceTree = BUILT_PRODUCTS_DIR; };
		AA64D4D62C59363000CC9FE1 /* AppDelegate.swift */ = {isa = PBXFileReference; lastKnownFileType = sourcecode.swift; path = AppDelegate.swift; sourceTree = "<group>"; };
		AA64D4D82C59363000CC9FE1 /* SceneDelegate.swift */ = {isa = PBXFileReference; lastKnownFileType = sourcecode.swift; path = SceneDelegate.swift; sourceTree = "<group>"; };
		AA64D4DA2C59363000CC9FE1 /* ViewController.swift */ = {isa = PBXFileReference; lastKnownFileType = sourcecode.swift; path = ViewController.swift; sourceTree = "<group>"; };
		AA64D4DD2C59363000CC9FE1 /* Base */ = {isa = PBXFileReference; lastKnownFileType = file.storyboard; name = Base; path = Base.lproj/Main.storyboard; sourceTree = "<group>"; };
		AA64D4DF2C59363200CC9FE1 /* Assets.xcassets */ = {isa = PBXFileReference; lastKnownFileType = folder.assetcatalog; path = Assets.xcassets; sourceTree = "<group>"; };
		AA64D4E22C59363200CC9FE1 /* Base */ = {isa = PBXFileReference; lastKnownFileType = file.storyboard; name = Base; path = Base.lproj/LaunchScreen.storyboard; sourceTree = "<group>"; };
		AA64D4E42C59363200CC9FE1 /* Info.plist */ = {isa = PBXFileReference; lastKnownFileType = text.plist.xml; path = Info.plist; sourceTree = "<group>"; };
		AA64D4EB2C5938CC00CC9FE1 /* BasicPracticeVC.swift */ = {isa = PBXFileReference; lastKnownFileType = sourcecode.swift; path = BasicPracticeVC.swift; sourceTree = "<group>"; };
		AA64D4F62C593E1400CC9FE1 /* BasicButtonViewController.swift */ = {isa = PBXFileReference; lastKnownFileType = sourcecode.swift; path = BasicButtonViewController.swift; sourceTree = "<group>"; };
		AA64D4F82C593EFD00CC9FE1 /* ButtonRxTapVsLabelRxTex.swift */ = {isa = PBXFileReference; lastKnownFileType = sourcecode.swift; path = ButtonRxTapVsLabelRxTex.swift; sourceTree = "<group>"; };
		AA64D5002C5A5FE000CC9FE1 /* CustomSimpleValidationVC.swift */ = {isa = PBXFileReference; lastKnownFileType = sourcecode.swift; path = CustomSimpleValidationVC.swift; sourceTree = "<group>"; };
		AA64D5092C5A635000CC9FE1 /* CustomNumbersVC.swift */ = {isa = PBXFileReference; lastKnownFileType = sourcecode.swift; path = CustomNumbersVC.swift; sourceTree = "<group>"; };
/* End PBXFileReference section */

/* Begin PBXFrameworksBuildPhase section */
		AA64D4D02C59363000CC9FE1 /* Frameworks */ = {
			isa = PBXFrameworksBuildPhase;
			buildActionMask = 2147483647;
			files = (
				AA64D4F42C59390500CC9FE1 /* RxSwift in Frameworks */,
				AA64D4F22C59390500CC9FE1 /* RxCocoa in Frameworks */,
				AA64D4EF2C5938DE00CC9FE1 /* SnapKit in Frameworks */,
			);
			runOnlyForDeploymentPostprocessing = 0;
		};
/* End PBXFrameworksBuildPhase section */

/* Begin PBXGroup section */
		AA64D4CA2C59363000CC9FE1 = {
			isa = PBXGroup;
			children = (
				AA64D4D52C59363000CC9FE1 /* RXswiftBasic0730 */,
				AA64D4D42C59363000CC9FE1 /* Products */,
			);
			sourceTree = "<group>";
		};
		AA64D4D42C59363000CC9FE1 /* Products */ = {
			isa = PBXGroup;
			children = (
				AA64D4D32C59363000CC9FE1 /* RXswiftBasic0730.app */,
			);
			name = Products;
			sourceTree = "<group>";
		};
		AA64D4D52C59363000CC9FE1 /* RXswiftBasic0730 */ = {
			isa = PBXGroup;
			children = (
				AA64D4F52C593D1900CC9FE1 /* 수업복습 */,
				AA64D4EA2C5938B000CC9FE1 /* 과제 */,
				AA64D4D62C59363000CC9FE1 /* AppDelegate.swift */,
				AA64D4D82C59363000CC9FE1 /* SceneDelegate.swift */,
				AA64D4DC2C59363000CC9FE1 /* Main.storyboard */,
				AA64D4DF2C59363200CC9FE1 /* Assets.xcassets */,
				AA64D4E12C59363200CC9FE1 /* LaunchScreen.storyboard */,
				AA64D4E42C59363200CC9FE1 /* Info.plist */,
			);
			path = RXswiftBasic0730;
			sourceTree = "<group>";
		};
		AA64D4EA2C5938B000CC9FE1 /* 과제 */ = {
			isa = PBXGroup;
			children = (
				AA64D4EB2C5938CC00CC9FE1 /* BasicPracticeVC.swift */,
				AA64D4DA2C59363000CC9FE1 /* ViewController.swift */,
				AA64D5002C5A5FE000CC9FE1 /* CustomSimpleValidationVC.swift */,
				AA64D5092C5A635000CC9FE1 /* CustomNumbersVC.swift */,
			);
			name = "과제";
			path = "수업연습";
			sourceTree = "<group>";
		};
		AA64D4F52C593D1900CC9FE1 /* 수업복습 */ = {
			isa = PBXGroup;
			children = (
				AA64D4FA2C593F0300CC9FE1 /* button.rx.tap과 label.rx.text의 차이점 */,
				AA64D4F62C593E1400CC9FE1 /* BasicButtonViewController.swift */,
			);
			name = "수업복습";
			path = "수업복습";
			sourceTree = "<group>";
		};
		AA64D4FA2C593F0300CC9FE1 /* button.rx.tap과 label.rx.text의 차이점 */ = {
			isa = PBXGroup;
			children = (
				AA64D4F82C593EFD00CC9FE1 /* ButtonRxTapVsLabelRxTex.swift */,
			);
			name = "button.rx.tap과 label.rx.text의 차이점";
			path = "button.rx.tap과 label.rx.text의 차이점";
			sourceTree = "<group>";
		};
/* End PBXGroup section */

/* Begin PBXNativeTarget section */
		AA64D4D22C59363000CC9FE1 /* RXswiftBasic0730 */ = {
			isa = PBXNativeTarget;
			buildConfigurationList = AA64D4E72C59363200CC9FE1 /* Build configuration list for PBXNativeTarget "RXswiftBasic0730" */;
			buildPhases = (
				AA64D4CF2C59363000CC9FE1 /* Sources */,
				AA64D4D02C59363000CC9FE1 /* Frameworks */,
				AA64D4D12C59363000CC9FE1 /* Resources */,
			);
			buildRules = (
			);
			dependencies = (
			);
			name = RXswiftBasic0730;
			packageProductDependencies = (
				AA64D4EE2C5938DE00CC9FE1 /* SnapKit */,
				AA64D4F12C59390500CC9FE1 /* RxCocoa */,
				AA64D4F32C59390500CC9FE1 /* RxSwift */,
			);
			productName = RXswiftBasic0730;
			productReference = AA64D4D32C59363000CC9FE1 /* RXswiftBasic0730.app */;
			productType = "com.apple.product-type.application";
		};
/* End PBXNativeTarget section */

/* Begin PBXProject section */
		AA64D4CB2C59363000CC9FE1 /* Project object */ = {
			isa = PBXProject;
			attributes = {
				BuildIndependentTargetsInParallel = 1;
				LastSwiftUpdateCheck = 1540;
				LastUpgradeCheck = 1540;
				TargetAttributes = {
					AA64D4D22C59363000CC9FE1 = {
						CreatedOnToolsVersion = 15.4;
					};
				};
			};
			buildConfigurationList = AA64D4CE2C59363000CC9FE1 /* Build configuration list for PBXProject "RXswiftBasic0730" */;
			compatibilityVersion = "Xcode 14.0";
			developmentRegion = en;
			hasScannedForEncodings = 0;
			knownRegions = (
				en,
				Base,
			);
			mainGroup = AA64D4CA2C59363000CC9FE1;
			packageReferences = (
				AA64D4ED2C5938DE00CC9FE1 /* XCRemoteSwiftPackageReference "SnapKit" */,
				AA64D4F02C59390500CC9FE1 /* XCRemoteSwiftPackageReference "RxSwift" */,
			);
			productRefGroup = AA64D4D42C59363000CC9FE1 /* Products */;
			projectDirPath = "";
			projectRoot = "";
			targets = (
				AA64D4D22C59363000CC9FE1 /* RXswiftBasic0730 */,
			);
		};
/* End PBXProject section */

/* Begin PBXResourcesBuildPhase section */
		AA64D4D12C59363000CC9FE1 /* Resources */ = {
			isa = PBXResourcesBuildPhase;
			buildActionMask = 2147483647;
			files = (
				AA64D4E02C59363200CC9FE1 /* Assets.xcassets in Resources */,
				AA64D4E32C59363200CC9FE1 /* Base in Resources */,
				AA64D4DE2C59363000CC9FE1 /* Base in Resources */,
			);
			runOnlyForDeploymentPostprocessing = 0;
		};
/* End PBXResourcesBuildPhase section */

/* Begin PBXSourcesBuildPhase section */
		AA64D4CF2C59363000CC9FE1 /* Sources */ = {
			isa = PBXSourcesBuildPhase;
			buildActionMask = 2147483647;
			files = (
				AA64D50A2C5A635000CC9FE1 /* CustomNumbersVC.swift in Sources */,
				AA64D4DB2C59363000CC9FE1 /* ViewController.swift in Sources */,
				AA64D4D72C59363000CC9FE1 /* AppDelegate.swift in Sources */,
				AA64D4F72C593E1400CC9FE1 /* BasicButtonViewController.swift in Sources */,
				AA64D4F92C593EFD00CC9FE1 /* ButtonRxTapVsLabelRxTex.swift in Sources */,
				AA64D5012C5A5FE000CC9FE1 /* CustomSimpleValidationVC.swift in Sources */,
				AA64D4EC2C5938CC00CC9FE1 /* BasicPracticeVC.swift in Sources */,
				AA64D4D92C59363000CC9FE1 /* SceneDelegate.swift in Sources */,
			);
			runOnlyForDeploymentPostprocessing = 0;
		};
/* End PBXSourcesBuildPhase section */

/* Begin PBXVariantGroup section */
		AA64D4DC2C59363000CC9FE1 /* Main.storyboard */ = {
			isa = PBXVariantGroup;
			children = (
				AA64D4DD2C59363000CC9FE1 /* Base */,
			);
			name = Main.storyboard;
			sourceTree = "<group>";
		};
		AA64D4E12C59363200CC9FE1 /* LaunchScreen.storyboard */ = {
			isa = PBXVariantGroup;
			children = (
				AA64D4E22C59363200CC9FE1 /* Base */,
			);
			name = LaunchScreen.storyboard;
			sourceTree = "<group>";
		};
/* End PBXVariantGroup section */

/* Begin XCBuildConfiguration section */
		AA64D4E52C59363200CC9FE1 /* Debug */ = {
			isa = XCBuildConfiguration;
			buildSettings = {
				ALWAYS_SEARCH_USER_PATHS = NO;
				ASSETCATALOG_COMPILER_GENERATE_SWIFT_ASSET_SYMBOL_EXTENSIONS = YES;
				CLANG_ANALYZER_NONNULL = YES;
				CLANG_ANALYZER_NUMBER_OBJECT_CONVERSION = YES_AGGRESSIVE;
				CLANG_CXX_LANGUAGE_STANDARD = "gnu++20";
				CLANG_ENABLE_MODULES = YES;
				CLANG_ENABLE_OBJC_ARC = YES;
				CLANG_ENABLE_OBJC_WEAK = YES;
				CLANG_WARN_BLOCK_CAPTURE_AUTORELEASING = YES;
				CLANG_WARN_BOOL_CONVERSION = YES;
				CLANG_WARN_COMMA = YES;
				CLANG_WARN_CONSTANT_CONVERSION = YES;
				CLANG_WARN_DEPRECATED_OBJC_IMPLEMENTATIONS = YES;
				CLANG_WARN_DIRECT_OBJC_ISA_USAGE = YES_ERROR;
				CLANG_WARN_DOCUMENTATION_COMMENTS = YES;
				CLANG_WARN_EMPTY_BODY = YES;
				CLANG_WARN_ENUM_CONVERSION = YES;
				CLANG_WARN_INFINITE_RECURSION = YES;
				CLANG_WARN_INT_CONVERSION = YES;
				CLANG_WARN_NON_LITERAL_NULL_CONVERSION = YES;
				CLANG_WARN_OBJC_IMPLICIT_RETAIN_SELF = YES;
				CLANG_WARN_OBJC_LITERAL_CONVERSION = YES;
				CLANG_WARN_OBJC_ROOT_CLASS = YES_ERROR;
				CLANG_WARN_QUOTED_INCLUDE_IN_FRAMEWORK_HEADER = YES;
				CLANG_WARN_RANGE_LOOP_ANALYSIS = YES;
				CLANG_WARN_STRICT_PROTOTYPES = YES;
				CLANG_WARN_SUSPICIOUS_MOVE = YES;
				CLANG_WARN_UNGUARDED_AVAILABILITY = YES_AGGRESSIVE;
				CLANG_WARN_UNREACHABLE_CODE = YES;
				CLANG_WARN__DUPLICATE_METHOD_MATCH = YES;
				COPY_PHASE_STRIP = NO;
				DEBUG_INFORMATION_FORMAT = dwarf;
				ENABLE_STRICT_OBJC_MSGSEND = YES;
				ENABLE_TESTABILITY = YES;
				ENABLE_USER_SCRIPT_SANDBOXING = YES;
				GCC_C_LANGUAGE_STANDARD = gnu17;
				GCC_DYNAMIC_NO_PIC = NO;
				GCC_NO_COMMON_BLOCKS = YES;
				GCC_OPTIMIZATION_LEVEL = 0;
				GCC_PREPROCESSOR_DEFINITIONS = (
					"DEBUG=1",
					"$(inherited)",
				);
				GCC_WARN_64_TO_32_BIT_CONVERSION = YES;
				GCC_WARN_ABOUT_RETURN_TYPE = YES_ERROR;
				GCC_WARN_UNDECLARED_SELECTOR = YES;
				GCC_WARN_UNINITIALIZED_AUTOS = YES_AGGRESSIVE;
				GCC_WARN_UNUSED_FUNCTION = YES;
				GCC_WARN_UNUSED_VARIABLE = YES;
				IPHONEOS_DEPLOYMENT_TARGET = 17.5;
				LOCALIZATION_PREFERS_STRING_CATALOGS = YES;
				MTL_ENABLE_DEBUG_INFO = INCLUDE_SOURCE;
				MTL_FAST_MATH = YES;
				ONLY_ACTIVE_ARCH = YES;
				SDKROOT = iphoneos;
				SWIFT_ACTIVE_COMPILATION_CONDITIONS = "DEBUG $(inherited)";
				SWIFT_OPTIMIZATION_LEVEL = "-Onone";
			};
			name = Debug;
		};
		AA64D4E62C59363200CC9FE1 /* Release */ = {
			isa = XCBuildConfiguration;
			buildSettings = {
				ALWAYS_SEARCH_USER_PATHS = NO;
				ASSETCATALOG_COMPILER_GENERATE_SWIFT_ASSET_SYMBOL_EXTENSIONS = YES;
				CLANG_ANALYZER_NONNULL = YES;
				CLANG_ANALYZER_NUMBER_OBJECT_CONVERSION = YES_AGGRESSIVE;
				CLANG_CXX_LANGUAGE_STANDARD = "gnu++20";
				CLANG_ENABLE_MODULES = YES;
				CLANG_ENABLE_OBJC_ARC = YES;
				CLANG_ENABLE_OBJC_WEAK = YES;
				CLANG_WARN_BLOCK_CAPTURE_AUTORELEASING = YES;
				CLANG_WARN_BOOL_CONVERSION = YES;
				CLANG_WARN_COMMA = YES;
				CLANG_WARN_CONSTANT_CONVERSION = YES;
				CLANG_WARN_DEPRECATED_OBJC_IMPLEMENTATIONS = YES;
				CLANG_WARN_DIRECT_OBJC_ISA_USAGE = YES_ERROR;
				CLANG_WARN_DOCUMENTATION_COMMENTS = YES;
				CLANG_WARN_EMPTY_BODY = YES;
				CLANG_WARN_ENUM_CONVERSION = YES;
				CLANG_WARN_INFINITE_RECURSION = YES;
				CLANG_WARN_INT_CONVERSION = YES;
				CLANG_WARN_NON_LITERAL_NULL_CONVERSION = YES;
				CLANG_WARN_OBJC_IMPLICIT_RETAIN_SELF = YES;
				CLANG_WARN_OBJC_LITERAL_CONVERSION = YES;
				CLANG_WARN_OBJC_ROOT_CLASS = YES_ERROR;
				CLANG_WARN_QUOTED_INCLUDE_IN_FRAMEWORK_HEADER = YES;
				CLANG_WARN_RANGE_LOOP_ANALYSIS = YES;
				CLANG_WARN_STRICT_PROTOTYPES = YES;
				CLANG_WARN_SUSPICIOUS_MOVE = YES;
				CLANG_WARN_UNGUARDED_AVAILABILITY = YES_AGGRESSIVE;
				CLANG_WARN_UNREACHABLE_CODE = YES;
				CLANG_WARN__DUPLICATE_METHOD_MATCH = YES;
				COPY_PHASE_STRIP = NO;
				DEBUG_INFORMATION_FORMAT = "dwarf-with-dsym";
				ENABLE_NS_ASSERTIONS = NO;
				ENABLE_STRICT_OBJC_MSGSEND = YES;
				ENABLE_USER_SCRIPT_SANDBOXING = YES;
				GCC_C_LANGUAGE_STANDARD = gnu17;
				GCC_NO_COMMON_BLOCKS = YES;
				GCC_WARN_64_TO_32_BIT_CONVERSION = YES;
				GCC_WARN_ABOUT_RETURN_TYPE = YES_ERROR;
				GCC_WARN_UNDECLARED_SELECTOR = YES;
				GCC_WARN_UNINITIALIZED_AUTOS = YES_AGGRESSIVE;
				GCC_WARN_UNUSED_FUNCTION = YES;
				GCC_WARN_UNUSED_VARIABLE = YES;
				IPHONEOS_DEPLOYMENT_TARGET = 17.5;
				LOCALIZATION_PREFERS_STRING_CATALOGS = YES;
				MTL_ENABLE_DEBUG_INFO = NO;
				MTL_FAST_MATH = YES;
				SDKROOT = iphoneos;
				SWIFT_COMPILATION_MODE = wholemodule;
				VALIDATE_PRODUCT = YES;
			};
			name = Release;
		};
		AA64D4E82C59363200CC9FE1 /* Debug */ = {
			isa = XCBuildConfiguration;
			buildSettings = {
				ASSETCATALOG_COMPILER_APPICON_NAME = AppIcon;
				ASSETCATALOG_COMPILER_GLOBAL_ACCENT_COLOR_NAME = AccentColor;
				CODE_SIGN_STYLE = Automatic;
				CURRENT_PROJECT_VERSION = 1;
				DEVELOPMENT_TEAM = 4KLMMMFY4D;
				GENERATE_INFOPLIST_FILE = YES;
				INFOPLIST_FILE = RXswiftBasic0730/Info.plist;
				INFOPLIST_KEY_UIApplicationSupportsIndirectInputEvents = YES;
				INFOPLIST_KEY_UILaunchStoryboardName = LaunchScreen;
				INFOPLIST_KEY_UIMainStoryboardFile = Main;
				INFOPLIST_KEY_UISupportedInterfaceOrientations_iPad = "UIInterfaceOrientationPortrait UIInterfaceOrientationPortraitUpsideDown UIInterfaceOrientationLandscapeLeft UIInterfaceOrientationLandscapeRight";
				INFOPLIST_KEY_UISupportedInterfaceOrientations_iPhone = "UIInterfaceOrientationPortrait UIInterfaceOrientationLandscapeLeft UIInterfaceOrientationLandscapeRight";
				LD_RUNPATH_SEARCH_PATHS = (
					"$(inherited)",
					"@executable_path/Frameworks",
				);
				MARKETING_VERSION = 1.0;
				PRODUCT_BUNDLE_IDENTIFIER = com.acasia.RXswiftBasic0730;
				PRODUCT_NAME = "$(TARGET_NAME)";
				SWIFT_EMIT_LOC_STRINGS = YES;
				SWIFT_VERSION = 5.0;
				TARGETED_DEVICE_FAMILY = "1,2";
			};
			name = Debug;
		};
		AA64D4E92C59363200CC9FE1 /* Release */ = {
			isa = XCBuildConfiguration;
			buildSettings = {
				ASSETCATALOG_COMPILER_APPICON_NAME = AppIcon;
				ASSETCATALOG_COMPILER_GLOBAL_ACCENT_COLOR_NAME = AccentColor;
				CODE_SIGN_STYLE = Automatic;
				CURRENT_PROJECT_VERSION = 1;
				DEVELOPMENT_TEAM = 4KLMMMFY4D;
				GENERATE_INFOPLIST_FILE = YES;
				INFOPLIST_FILE = RXswiftBasic0730/Info.plist;
				INFOPLIST_KEY_UIApplicationSupportsIndirectInputEvents = YES;
				INFOPLIST_KEY_UILaunchStoryboardName = LaunchScreen;
				INFOPLIST_KEY_UIMainStoryboardFile = Main;
				INFOPLIST_KEY_UISupportedInterfaceOrientations_iPad = "UIInterfaceOrientationPortrait UIInterfaceOrientationPortraitUpsideDown UIInterfaceOrientationLandscapeLeft UIInterfaceOrientationLandscapeRight";
				INFOPLIST_KEY_UISupportedInterfaceOrientations_iPhone = "UIInterfaceOrientationPortrait UIInterfaceOrientationLandscapeLeft UIInterfaceOrientationLandscapeRight";
				LD_RUNPATH_SEARCH_PATHS = (
					"$(inherited)",
					"@executable_path/Frameworks",
				);
				MARKETING_VERSION = 1.0;
				PRODUCT_BUNDLE_IDENTIFIER = com.acasia.RXswiftBasic0730;
				PRODUCT_NAME = "$(TARGET_NAME)";
				SWIFT_EMIT_LOC_STRINGS = YES;
				SWIFT_VERSION = 5.0;
				TARGETED_DEVICE_FAMILY = "1,2";
			};
			name = Release;
		};
/* End XCBuildConfiguration section */

/* Begin XCConfigurationList section */
		AA64D4CE2C59363000CC9FE1 /* Build configuration list for PBXProject "RXswiftBasic0730" */ = {
			isa = XCConfigurationList;
			buildConfigurations = (
				AA64D4E52C59363200CC9FE1 /* Debug */,
				AA64D4E62C59363200CC9FE1 /* Release */,
			);
			defaultConfigurationIsVisible = 0;
			defaultConfigurationName = Release;
		};
		AA64D4E72C59363200CC9FE1 /* Build configuration list for PBXNativeTarget "RXswiftBasic0730" */ = {
			isa = XCConfigurationList;
			buildConfigurations = (
				AA64D4E82C59363200CC9FE1 /* Debug */,
				AA64D4E92C59363200CC9FE1 /* Release */,
			);
			defaultConfigurationIsVisible = 0;
			defaultConfigurationName = Release;
		};
/* End XCConfigurationList section */

/* Begin XCRemoteSwiftPackageReference section */
		AA64D4ED2C5938DE00CC9FE1 /* XCRemoteSwiftPackageReference "SnapKit" */ = {
			isa = XCRemoteSwiftPackageReference;
			repositoryURL = "https://github.com/SnapKit/SnapKit.git";
			requirement = {
				kind = upToNextMajorVersion;
				minimumVersion = 5.7.1;
			};
		};
		AA64D4F02C59390500CC9FE1 /* XCRemoteSwiftPackageReference "RxSwift" */ = {
			isa = XCRemoteSwiftPackageReference;
			repositoryURL = "https://github.com/ReactiveX/RxSwift.git";
			requirement = {
				kind = upToNextMajorVersion;
				minimumVersion = 6.7.1;
			};
		};
/* End XCRemoteSwiftPackageReference section */

/* Begin XCSwiftPackageProductDependency section */
		AA64D4EE2C5938DE00CC9FE1 /* SnapKit */ = {
			isa = XCSwiftPackageProductDependency;
			package = AA64D4ED2C5938DE00CC9FE1 /* XCRemoteSwiftPackageReference "SnapKit" */;
			productName = SnapKit;
		};
		AA64D4F12C59390500CC9FE1 /* RxCocoa */ = {
			isa = XCSwiftPackageProductDependency;
			package = AA64D4F02C59390500CC9FE1 /* XCRemoteSwiftPackageReference "RxSwift" */;
			productName = RxCocoa;
		};
		AA64D4F32C59390500CC9FE1 /* RxSwift */ = {
			isa = XCSwiftPackageProductDependency;
			package = AA64D4F02C59390500CC9FE1 /* XCRemoteSwiftPackageReference "RxSwift" */;
			productName = RxSwift;
		};
/* End XCSwiftPackageProductDependency section */
	};
	rootObject = AA64D4CB2C59363000CC9FE1 /* Project object */;
}
